// !$*UTF8*$!
{
	archiveVersion = 1;
	classes = {
	};
	objectVersion = 50;
	objects = {

/* Begin PBXBuildFile section */
		C296EB7926978E1D005FF85A /* AppDelegate.swift in Sources */ = {isa = PBXBuildFile; fileRef = C296EB7826978E1D005FF85A /* AppDelegate.swift */; };
		C296EB7B26978E1D005FF85A /* SceneDelegate.swift in Sources */ = {isa = PBXBuildFile; fileRef = C296EB7A26978E1D005FF85A /* SceneDelegate.swift */; };
		C296EB7D26978E1D005FF85A /* ViewController.swift in Sources */ = {isa = PBXBuildFile; fileRef = C296EB7C26978E1D005FF85A /* ViewController.swift */; };
		C296EB8026978E1D005FF85A /* Main.storyboard in Resources */ = {isa = PBXBuildFile; fileRef = C296EB7E26978E1D005FF85A /* Main.storyboard */; };
		C296EB8226978E20005FF85A /* Assets.xcassets in Resources */ = {isa = PBXBuildFile; fileRef = C296EB8126978E20005FF85A /* Assets.xcassets */; };
		C296EB8526978E20005FF85A /* LaunchScreen.storyboard in Resources */ = {isa = PBXBuildFile; fileRef = C296EB8326978E20005FF85A /* LaunchScreen.storyboard */; };
		C296EB9026978E20005FF85A /* IWannaBeBlueTests.swift in Sources */ = {isa = PBXBuildFile; fileRef = C296EB8F26978E20005FF85A /* IWannaBeBlueTests.swift */; };
		C296EB9B26978E20005FF85A /* IWannaBeBlueUITests.swift in Sources */ = {isa = PBXBuildFile; fileRef = C296EB9A26978E20005FF85A /* IWannaBeBlueUITests.swift */; };
/* End PBXBuildFile section */

/* Begin PBXContainerItemProxy section */
		C296EB8C26978E20005FF85A /* PBXContainerItemProxy */ = {
			isa = PBXContainerItemProxy;
			containerPortal = C296EB6D26978E1D005FF85A /* Project object */;
			proxyType = 1;
			remoteGlobalIDString = C296EB7426978E1D005FF85A;
			remoteInfo = IWannaBeBlue;
		};
		C296EB9726978E20005FF85A /* PBXContainerItemProxy */ = {
			isa = PBXContainerItemProxy;
			containerPortal = C296EB6D26978E1D005FF85A /* Project object */;
			proxyType = 1;
			remoteGlobalIDString = C296EB7426978E1D005FF85A;
			remoteInfo = IWannaBeBlue;
		};
/* End PBXContainerItemProxy section */

/* Begin PBXFileReference section */
		C296EB7526978E1D005FF85A /* IWannaBeBlue.app */ = {isa = PBXFileReference; explicitFileType = wrapper.application; includeInIndex = 0; path = IWannaBeBlue.app; sourceTree = BUILT_PRODUCTS_DIR; };
		C296EB7826978E1D005FF85A /* AppDelegate.swift */ = {isa = PBXFileReference; lastKnownFileType = sourcecode.swift; path = AppDelegate.swift; sourceTree = "<group>"; };
		C296EB7A26978E1D005FF85A /* SceneDelegate.swift */ = {isa = PBXFileReference; lastKnownFileType = sourcecode.swift; path = SceneDelegate.swift; sourceTree = "<group>"; };
		C296EB7C26978E1D005FF85A /* ViewController.swift */ = {isa = PBXFileReference; lastKnownFileType = sourcecode.swift; path = ViewController.swift; sourceTree = "<group>"; };
		C296EB7F26978E1D005FF85A /* Base */ = {isa = PBXFileReference; lastKnownFileType = file.storyboard; name = Base; path = Base.lproj/Main.storyboard; sourceTree = "<group>"; };
		C296EB8126978E20005FF85A /* Assets.xcassets */ = {isa = PBXFileReference; lastKnownFileType = folder.assetcatalog; path = Assets.xcassets; sourceTree = "<group>"; };
		C296EB8426978E20005FF85A /* Base */ = {isa = PBXFileReference; lastKnownFileType = file.storyboard; name = Base; path = Base.lproj/LaunchScreen.storyboard; sourceTree = "<group>"; };
		C296EB8626978E20005FF85A /* Info.plist */ = {isa = PBXFileReference; lastKnownFileType = text.plist.xml; path = Info.plist; sourceTree = "<group>"; };
		C296EB8B26978E20005FF85A /* IWannaBeBlueTests.xctest */ = {isa = PBXFileReference; explicitFileType = wrapper.cfbundle; includeInIndex = 0; path = IWannaBeBlueTests.xctest; sourceTree = BUILT_PRODUCTS_DIR; };
		C296EB8F26978E20005FF85A /* IWannaBeBlueTests.swift */ = {isa = PBXFileReference; lastKnownFileType = sourcecode.swift; path = IWannaBeBlueTests.swift; sourceTree = "<group>"; };
		C296EB9126978E20005FF85A /* Info.plist */ = {isa = PBXFileReference; lastKnownFileType = text.plist.xml; path = Info.plist; sourceTree = "<group>"; };
		C296EB9626978E20005FF85A /* IWannaBeBlueUITests.xctest */ = {isa = PBXFileReference; explicitFileType = wrapper.cfbundle; includeInIndex = 0; path = IWannaBeBlueUITests.xctest; sourceTree = BUILT_PRODUCTS_DIR; };
		C296EB9A26978E20005FF85A /* IWannaBeBlueUITests.swift */ = {isa = PBXFileReference; lastKnownFileType = sourcecode.swift; path = IWannaBeBlueUITests.swift; sourceTree = "<group>"; };
		C296EB9C26978E20005FF85A /* Info.plist */ = {isa = PBXFileReference; lastKnownFileType = text.plist.xml; path = Info.plist; sourceTree = "<group>"; };
/* End PBXFileReference section */

/* Begin PBXFrameworksBuildPhase section */
		C296EB7226978E1D005FF85A /* Frameworks */ = {
			isa = PBXFrameworksBuildPhase;
			buildActionMask = 2147483647;
			files = (
			);
			runOnlyForDeploymentPostprocessing = 0;
		};
		C296EB8826978E20005FF85A /* Frameworks */ = {
			isa = PBXFrameworksBuildPhase;
			buildActionMask = 2147483647;
			files = (
			);
			runOnlyForDeploymentPostprocessing = 0;
		};
		C296EB9326978E20005FF85A /* Frameworks */ = {
			isa = PBXFrameworksBuildPhase;
			buildActionMask = 2147483647;
			files = (
			);
			runOnlyForDeploymentPostprocessing = 0;
		};
/* End PBXFrameworksBuildPhase section */

/* Begin PBXGroup section */
		C296EB6C26978E1D005FF85A = {
			isa = PBXGroup;
			children = (
				C296EB7726978E1D005FF85A /* IWannaBeBlue */,
				C296EB8E26978E20005FF85A /* IWannaBeBlueTests */,
				C296EB9926978E20005FF85A /* IWannaBeBlueUITests */,
				C296EB7626978E1D005FF85A /* Products */,
			);
			sourceTree = "<group>";
		};
		C296EB7626978E1D005FF85A /* Products */ = {
			isa = PBXGroup;
			children = (
				C296EB7526978E1D005FF85A /* IWannaBeBlue.app */,
				C296EB8B26978E20005FF85A /* IWannaBeBlueTests.xctest */,
				C296EB9626978E20005FF85A /* IWannaBeBlueUITests.xctest */,
			);
			name = Products;
			sourceTree = "<group>";
		};
		C296EB7726978E1D005FF85A /* IWannaBeBlue */ = {
			isa = PBXGroup;
			children = (
				C296EB7826978E1D005FF85A /* AppDelegate.swift */,
				C296EB7A26978E1D005FF85A /* SceneDelegate.swift */,
				C296EB7C26978E1D005FF85A /* ViewController.swift */,
				C296EB7E26978E1D005FF85A /* Main.storyboard */,
				C296EB8126978E20005FF85A /* Assets.xcassets */,
				C296EB8326978E20005FF85A /* LaunchScreen.storyboard */,
				C296EB8626978E20005FF85A /* Info.plist */,
			);
			path = IWannaBeBlue;
			sourceTree = "<group>";
		};
		C296EB8E26978E20005FF85A /* IWannaBeBlueTests */ = {
			isa = PBXGroup;
			children = (
				C296EB8F26978E20005FF85A /* IWannaBeBlueTests.swift */,
				C296EB9126978E20005FF85A /* Info.plist */,
			);
			path = IWannaBeBlueTests;
			sourceTree = "<group>";
		};
		C296EB9926978E20005FF85A /* IWannaBeBlueUITests */ = {
			isa = PBXGroup;
			children = (
				C296EB9A26978E20005FF85A /* IWannaBeBlueUITests.swift */,
				C296EB9C26978E20005FF85A /* Info.plist */,
			);
			path = IWannaBeBlueUITests;
			sourceTree = "<group>";
		};
/* End PBXGroup section */

/* Begin PBXNativeTarget section */
		C296EB7426978E1D005FF85A /* IWannaBeBlue */ = {
			isa = PBXNativeTarget;
			buildConfigurationList = C296EB9F26978E20005FF85A /* Build configuration list for PBXNativeTarget "IWannaBeBlue" */;
			buildPhases = (
				C296EB7126978E1D005FF85A /* Sources */,
				C296EB7226978E1D005FF85A /* Frameworks */,
				C296EB7326978E1D005FF85A /* Resources */,
			);
			buildRules = (
			);
			dependencies = (
			);
			name = IWannaBeBlue;
			productName = IWannaBeBlue;
			productReference = C296EB7526978E1D005FF85A /* IWannaBeBlue.app */;
			productType = "com.apple.product-type.application";
		};
		C296EB8A26978E20005FF85A /* IWannaBeBlueTests */ = {
			isa = PBXNativeTarget;
			buildConfigurationList = C296EBA226978E20005FF85A /* Build configuration list for PBXNativeTarget "IWannaBeBlueTests" */;
			buildPhases = (
				C296EB8726978E20005FF85A /* Sources */,
				C296EB8826978E20005FF85A /* Frameworks */,
				C296EB8926978E20005FF85A /* Resources */,
			);
			buildRules = (
			);
			dependencies = (
				C296EB8D26978E20005FF85A /* PBXTargetDependency */,
			);
			name = IWannaBeBlueTests;
			productName = IWannaBeBlueTests;
			productReference = C296EB8B26978E20005FF85A /* IWannaBeBlueTests.xctest */;
			productType = "com.apple.product-type.bundle.unit-test";
		};
		C296EB9526978E20005FF85A /* IWannaBeBlueUITests */ = {
			isa = PBXNativeTarget;
			buildConfigurationList = C296EBA526978E20005FF85A /* Build configuration list for PBXNativeTarget "IWannaBeBlueUITests" */;
			buildPhases = (
				C296EB9226978E20005FF85A /* Sources */,
				C296EB9326978E20005FF85A /* Frameworks */,
				C296EB9426978E20005FF85A /* Resources */,
			);
			buildRules = (
			);
			dependencies = (
				C296EB9826978E20005FF85A /* PBXTargetDependency */,
			);
			name = IWannaBeBlueUITests;
			productName = IWannaBeBlueUITests;
			productReference = C296EB9626978E20005FF85A /* IWannaBeBlueUITests.xctest */;
			productType = "com.apple.product-type.bundle.ui-testing";
		};
/* End PBXNativeTarget section */

/* Begin PBXProject section */
		C296EB6D26978E1D005FF85A /* Project object */ = {
			isa = PBXProject;
			attributes = {
				LastSwiftUpdateCheck = 1250;
				LastUpgradeCheck = 1250;
				TargetAttributes = {
					C296EB7426978E1D005FF85A = {
						CreatedOnToolsVersion = 12.5.1;
					};
					C296EB8A26978E20005FF85A = {
						CreatedOnToolsVersion = 12.5.1;
						TestTargetID = C296EB7426978E1D005FF85A;
					};
					C296EB9526978E20005FF85A = {
						CreatedOnToolsVersion = 12.5.1;
						TestTargetID = C296EB7426978E1D005FF85A;
					};
				};
			};
			buildConfigurationList = C296EB7026978E1D005FF85A /* Build configuration list for PBXProject "IWannaBeBlue" */;
			compatibilityVersion = "Xcode 9.3";
			developmentRegion = en;
			hasScannedForEncodings = 0;
			knownRegions = (
				en,
				Base,
			);
			mainGroup = C296EB6C26978E1D005FF85A;
			productRefGroup = C296EB7626978E1D005FF85A /* Products */;
			projectDirPath = "";
			projectRoot = "";
			targets = (
				C296EB7426978E1D005FF85A /* IWannaBeBlue */,
				C296EB8A26978E20005FF85A /* IWannaBeBlueTests */,
				C296EB9526978E20005FF85A /* IWannaBeBlueUITests */,
			);
		};
/* End PBXProject section */

/* Begin PBXResourcesBuildPhase section */
		C296EB7326978E1D005FF85A /* Resources */ = {
			isa = PBXResourcesBuildPhase;
			buildActionMask = 2147483647;
			files = (
				C296EB8526978E20005FF85A /* LaunchScreen.storyboard in Resources */,
				C296EB8226978E20005FF85A /* Assets.xcassets in Resources */,
				C296EB8026978E1D005FF85A /* Main.storyboard in Resources */,
			);
			runOnlyForDeploymentPostprocessing = 0;
		};
		C296EB8926978E20005FF85A /* Resources */ = {
			isa = PBXResourcesBuildPhase;
			buildActionMask = 2147483647;
			files = (
			);
			runOnlyForDeploymentPostprocessing = 0;
		};
		C296EB9426978E20005FF85A /* Resources */ = {
			isa = PBXResourcesBuildPhase;
			buildActionMask = 2147483647;
			files = (
			);
			runOnlyForDeploymentPostprocessing = 0;
		};
/* End PBXResourcesBuildPhase section */

/* Begin PBXSourcesBuildPhase section */
		C296EB7126978E1D005FF85A /* Sources */ = {
			isa = PBXSourcesBuildPhase;
			buildActionMask = 2147483647;
			files = (
				C296EB7D26978E1D005FF85A /* ViewController.swift in Sources */,
				C296EB7926978E1D005FF85A /* AppDelegate.swift in Sources */,
				C296EB7B26978E1D005FF85A /* SceneDelegate.swift in Sources */,
			);
			runOnlyForDeploymentPostprocessing = 0;
		};
		C296EB8726978E20005FF85A /* Sources */ = {
			isa = PBXSourcesBuildPhase;
			buildActionMask = 2147483647;
			files = (
				C296EB9026978E20005FF85A /* IWannaBeBlueTests.swift in Sources */,
			);
			runOnlyForDeploymentPostprocessing = 0;
		};
		C296EB9226978E20005FF85A /* Sources */ = {
			isa = PBXSourcesBuildPhase;
			buildActionMask = 2147483647;
			files = (
				C296EB9B26978E20005FF85A /* IWannaBeBlueUITests.swift in Sources */,
			);
			runOnlyForDeploymentPostprocessing = 0;
		};
/* End PBXSourcesBuildPhase section */

/* Begin PBXTargetDependency section */
		C296EB8D26978E20005FF85A /* PBXTargetDependency */ = {
			isa = PBXTargetDependency;
			target = C296EB7426978E1D005FF85A /* IWannaBeBlue */;
			targetProxy = C296EB8C26978E20005FF85A /* PBXContainerItemProxy */;
		};
		C296EB9826978E20005FF85A /* PBXTargetDependency */ = {
			isa = PBXTargetDependency;
			target = C296EB7426978E1D005FF85A /* IWannaBeBlue */;
			targetProxy = C296EB9726978E20005FF85A /* PBXContainerItemProxy */;
		};
/* End PBXTargetDependency section */

/* Begin PBXVariantGroup section */
		C296EB7E26978E1D005FF85A /* Main.storyboard */ = {
			isa = PBXVariantGroup;
			children = (
				C296EB7F26978E1D005FF85A /* Base */,
			);
			name = Main.storyboard;
			sourceTree = "<group>";
		};
		C296EB8326978E20005FF85A /* LaunchScreen.storyboard */ = {
			isa = PBXVariantGroup;
			children = (
				C296EB8426978E20005FF85A /* Base */,
			);
			name = LaunchScreen.storyboard;
			sourceTree = "<group>";
		};
/* End PBXVariantGroup section */

/* Begin XCBuildConfiguration section */
		C296EB9D26978E20005FF85A /* Debug */ = {
			isa = XCBuildConfiguration;
			buildSettings = {
				ALWAYS_SEARCH_USER_PATHS = NO;
				CLANG_ANALYZER_NONNULL = YES;
				CLANG_ANALYZER_NUMBER_OBJECT_CONVERSION = YES_AGGRESSIVE;
				CLANG_CXX_LANGUAGE_STANDARD = "gnu++14";
				CLANG_CXX_LIBRARY = "libc++";
				CLANG_ENABLE_MODULES = YES;
				CLANG_ENABLE_OBJC_ARC = YES;
				CLANG_ENABLE_OBJC_WEAK = YES;
				CLANG_WARN_BLOCK_CAPTURE_AUTORELEASING = YES;
				CLANG_WARN_BOOL_CONVERSION = YES;
				CLANG_WARN_COMMA = YES;
				CLANG_WARN_CONSTANT_CONVERSION = YES;
				CLANG_WARN_DEPRECATED_OBJC_IMPLEMENTATIONS = YES;
				CLANG_WARN_DIRECT_OBJC_ISA_USAGE = YES_ERROR;
				CLANG_WARN_DOCUMENTATION_COMMENTS = YES;
				CLANG_WARN_EMPTY_BODY = YES;
				CLANG_WARN_ENUM_CONVERSION = YES;
				CLANG_WARN_INFINITE_RECURSION = YES;
				CLANG_WARN_INT_CONVERSION = YES;
				CLANG_WARN_NON_LITERAL_NULL_CONVERSION = YES;
				CLANG_WARN_OBJC_IMPLICIT_RETAIN_SELF = YES;
				CLANG_WARN_OBJC_LITERAL_CONVERSION = YES;
				CLANG_WARN_OBJC_ROOT_CLASS = YES_ERROR;
				CLANG_WARN_QUOTED_INCLUDE_IN_FRAMEWORK_HEADER = YES;
				CLANG_WARN_RANGE_LOOP_ANALYSIS = YES;
				CLANG_WARN_STRICT_PROTOTYPES = YES;
				CLANG_WARN_SUSPICIOUS_MOVE = YES;
				CLANG_WARN_UNGUARDED_AVAILABILITY = YES_AGGRESSIVE;
				CLANG_WARN_UNREACHABLE_CODE = YES;
				CLANG_WARN__DUPLICATE_METHOD_MATCH = YES;
				COPY_PHASE_STRIP = NO;
				DEBUG_INFORMATION_FORMAT = dwarf;
				ENABLE_STRICT_OBJC_MSGSEND = YES;
				ENABLE_TESTABILITY = YES;
				GCC_C_LANGUAGE_STANDARD = gnu11;
				GCC_DYNAMIC_NO_PIC = NO;
				GCC_NO_COMMON_BLOCKS = YES;
				GCC_OPTIMIZATION_LEVEL = 0;
				GCC_PREPROCESSOR_DEFINITIONS = (
					"DEBUG=1",
					"$(inherited)",
				);
				GCC_WARN_64_TO_32_BIT_CONVERSION = YES;
				GCC_WARN_ABOUT_RETURN_TYPE = YES_ERROR;
				GCC_WARN_UNDECLARED_SELECTOR = YES;
				GCC_WARN_UNINITIALIZED_AUTOS = YES_AGGRESSIVE;
				GCC_WARN_UNUSED_FUNCTION = YES;
				GCC_WARN_UNUSED_VARIABLE = YES;
				IPHONEOS_DEPLOYMENT_TARGET = 14.5;
				MTL_ENABLE_DEBUG_INFO = INCLUDE_SOURCE;
				MTL_FAST_MATH = YES;
				ONLY_ACTIVE_ARCH = YES;
				SDKROOT = iphoneos;
				SWIFT_ACTIVE_COMPILATION_CONDITIONS = DEBUG;
				SWIFT_OPTIMIZATION_LEVEL = "-Onone";
			};
			name = Debug;
		};
		C296EB9E26978E20005FF85A /* Release */ = {
			isa = XCBuildConfiguration;
			buildSettings = {
				ALWAYS_SEARCH_USER_PATHS = NO;
				CLANG_ANALYZER_NONNULL = YES;
				CLANG_ANALYZER_NUMBER_OBJECT_CONVERSION = YES_AGGRESSIVE;
				CLANG_CXX_LANGUAGE_STANDARD = "gnu++14";
				CLANG_CXX_LIBRARY = "libc++";
				CLANG_ENABLE_MODULES = YES;
				CLANG_ENABLE_OBJC_ARC = YES;
				CLANG_ENABLE_OBJC_WEAK = YES;
				CLANG_WARN_BLOCK_CAPTURE_AUTORELEASING = YES;
				CLANG_WARN_BOOL_CONVERSION = YES;
				CLANG_WARN_COMMA = YES;
				CLANG_WARN_CONSTANT_CONVERSION = YES;
				CLANG_WARN_DEPRECATED_OBJC_IMPLEMENTATIONS = YES;
				CLANG_WARN_DIRECT_OBJC_ISA_USAGE = YES_ERROR;
				CLANG_WARN_DOCUMENTATION_COMMENTS = YES;
				CLANG_WARN_EMPTY_BODY = YES;
				CLANG_WARN_ENUM_CONVERSION = YES;
				CLANG_WARN_INFINITE_RECURSION = YES;
				CLANG_WARN_INT_CONVERSION = YES;
				CLANG_WARN_NON_LITERAL_NULL_CONVERSION = YES;
				CLANG_WARN_OBJC_IMPLICIT_RETAIN_SELF = YES;
				CLANG_WARN_OBJC_LITERAL_CONVERSION = YES;
				CLANG_WARN_OBJC_ROOT_CLASS = YES_ERROR;
				CLANG_WARN_QUOTED_INCLUDE_IN_FRAMEWORK_HEADER = YES;
				CLANG_WARN_RANGE_LOOP_ANALYSIS = YES;
				CLANG_WARN_STRICT_PROTOTYPES = YES;
				CLANG_WARN_SUSPICIOUS_MOVE = YES;
				CLANG_WARN_UNGUARDED_AVAILABILITY = YES_AGGRESSIVE;
				CLANG_WARN_UNREACHABLE_CODE = YES;
				CLANG_WARN__DUPLICATE_METHOD_MATCH = YES;
				COPY_PHASE_STRIP = NO;
				DEBUG_INFORMATION_FORMAT = "dwarf-with-dsym";
				ENABLE_NS_ASSERTIONS = NO;
				ENABLE_STRICT_OBJC_MSGSEND = YES;
				GCC_C_LANGUAGE_STANDARD = gnu11;
				GCC_NO_COMMON_BLOCKS = YES;
				GCC_WARN_64_TO_32_BIT_CONVERSION = YES;
				GCC_WARN_ABOUT_RETURN_TYPE = YES_ERROR;
				GCC_WARN_UNDECLARED_SELECTOR = YES;
				GCC_WARN_UNINITIALIZED_AUTOS = YES_AGGRESSIVE;
				GCC_WARN_UNUSED_FUNCTION = YES;
				GCC_WARN_UNUSED_VARIABLE = YES;
				IPHONEOS_DEPLOYMENT_TARGET = 14.5;
				MTL_ENABLE_DEBUG_INFO = NO;
				MTL_FAST_MATH = YES;
				SDKROOT = iphoneos;
				SWIFT_COMPILATION_MODE = wholemodule;
				SWIFT_OPTIMIZATION_LEVEL = "-O";
				VALIDATE_PRODUCT = YES;
			};
			name = Release;
		};
		C296EBA026978E20005FF85A /* Debug */ = {
			isa = XCBuildConfiguration;
			buildSettings = {
				ASSETCATALOG_COMPILER_APPICON_NAME = AppIcon;
				ASSETCATALOG_COMPILER_GLOBAL_ACCENT_COLOR_NAME = AccentColor;
				CODE_SIGN_STYLE = Automatic;
				DEVELOPMENT_TEAM = HBNX7GQE7K;
				INFOPLIST_FILE = IWannaBeBlue/Info.plist;
				LD_RUNPATH_SEARCH_PATHS = (
					"$(inherited)",
					"@executable_path/Frameworks",
				);
				PRODUCT_BUNDLE_IDENTIFIER = com.Matt.IWannaBeBlue;
				PRODUCT_NAME = "$(TARGET_NAME)";
				SWIFT_VERSION = 5.0;
				TARGETED_DEVICE_FAMILY = "1,2";
			};
			name = Debug;
		};
		C296EBA126978E20005FF85A /* Release */ = {
			isa = XCBuildConfiguration;
			buildSettings = {
				ASSETCATALOG_COMPILER_APPICON_NAME = AppIcon;
				ASSETCATALOG_COMPILER_GLOBAL_ACCENT_COLOR_NAME = AccentColor;
				CODE_SIGN_STYLE = Automatic;
				DEVELOPMENT_TEAM = HBNX7GQE7K;
				INFOPLIST_FILE = IWannaBeBlue/Info.plist;
				LD_RUNPATH_SEARCH_PATHS = (
					"$(inherited)",
					"@executable_path/Frameworks",
				);
				PRODUCT_BUNDLE_IDENTIFIER = com.Matt.IWannaBeBlue;
				PRODUCT_NAME = "$(TARGET_NAME)";
				SWIFT_VERSION = 5.0;
				TARGETED_DEVICE_FAMILY = "1,2";
			};
			name = Release;
		};
		C296EBA326978E20005FF85A /* Debug */ = {
			isa = XCBuildConfiguration;
			buildSettings = {
				ALWAYS_EMBED_SWIFT_STANDARD_LIBRARIES = YES;
				BUNDLE_LOADER = "$(TEST_HOST)";
				CODE_SIGN_STYLE = Automatic;
				DEVELOPMENT_TEAM = HBNX7GQE7K;
				INFOPLIST_FILE = IWannaBeBlueTests/Info.plist;
				IPHONEOS_DEPLOYMENT_TARGET = 14.5;
				LD_RUNPATH_SEARCH_PATHS = (
					"$(inherited)",
					"@executable_path/Frameworks",
					"@loader_path/Frameworks",
				);
				PRODUCT_BUNDLE_IDENTIFIER = com.Matt.IWannaBeBlueTests;
				PRODUCT_NAME = "$(TARGET_NAME)";
				SWIFT_VERSION = 5.0;
				TARGETED_DEVICE_FAMILY = "1,2";
				TEST_HOST = "$(BUILT_PRODUCTS_DIR)/IWannaBeBlue.app/IWannaBeBlue";
			};
			name = Debug;
		};
		C296EBA426978E20005FF85A /* Release */ = {
			isa = XCBuildConfiguration;
			buildSettings = {
				ALWAYS_EMBED_SWIFT_STANDARD_LIBRARIES = YES;
				BUNDLE_LOADER = "$(TEST_HOST)";
				CODE_SIGN_STYLE = Automatic;
				DEVELOPMENT_TEAM = HBNX7GQE7K;
				INFOPLIST_FILE = IWannaBeBlueTests/Info.plist;
				IPHONEOS_DEPLOYMENT_TARGET = 14.5;
				LD_RUNPATH_SEARCH_PATHS = (
					"$(inherited)",
					"@executable_path/Frameworks",
					"@loader_path/Frameworks",
				);
				PRODUCT_BUNDLE_IDENTIFIER = com.Matt.IWannaBeBlueTests;
				PRODUCT_NAME = "$(TARGET_NAME)";
				SWIFT_VERSION = 5.0;
				TARGETED_DEVICE_FAMILY = "1,2";
				TEST_HOST = "$(BUILT_PRODUCTS_DIR)/IWannaBeBlue.app/IWannaBeBlue";
			};
			name = Release;
		};
		C296EBA626978E20005FF85A /* Debug */ = {
			isa = XCBuildConfiguration;
			buildSettings = {
				ALWAYS_EMBED_SWIFT_STANDARD_LIBRARIES = YES;
				CODE_SIGN_STYLE = Automatic;
				DEVELOPMENT_TEAM = HBNX7GQE7K;
				INFOPLIST_FILE = IWannaBeBlueUITests/Info.plist;
				LD_RUNPATH_SEARCH_PATHS = (
					"$(inherited)",
					"@executable_path/Frameworks",
					"@loader_path/Frameworks",
				);
				PRODUCT_BUNDLE_IDENTIFIER = com.Matt.IWannaBeBlueUITests;
				PRODUCT_NAME = "$(TARGET_NAME)";
				SWIFT_VERSION = 5.0;
				TARGETED_DEVICE_FAMILY = "1,2";
				TEST_TARGET_NAME = IWannaBeBlue;
			};
			name = Debug;
		};
		C296EBA726978E20005FF85A /* Release */ = {
			isa = XCBuildConfiguration;
			buildSettings = {
				ALWAYS_EMBED_SWIFT_STANDARD_LIBRARIES = YES;
				CODE_SIGN_STYLE = Automatic;
				DEVELOPMENT_TEAM = HBNX7GQE7K;
				INFOPLIST_FILE = IWannaBeBlueUITests/Info.plist;
				LD_RUNPATH_SEARCH_PATHS = (
					"$(inherited)",
					"@executable_path/Frameworks",
					"@loader_path/Frameworks",
				);
				PRODUCT_BUNDLE_IDENTIFIER = com.Matt.IWannaBeBlueUITests;
				PRODUCT_NAME = "$(TARGET_NAME)";
				SWIFT_VERSION = 5.0;
				TARGETED_DEVICE_FAMILY = "1,2";
				TEST_TARGET_NAME = IWannaBeBlue;
			};
			name = Release;
		};
/* End XCBuildConfiguration section */

/* Begin XCConfigurationList section */
		C296EB7026978E1D005FF85A /* Build configuration list for PBXProject "IWannaBeBlue" */ = {
			isa = XCConfigurationList;
			buildConfigurations = (
				C296EB9D26978E20005FF85A /* Debug */,
				C296EB9E26978E20005FF85A /* Release */,
			);
			defaultConfigurationIsVisible = 0;
			defaultConfigurationName = Release;
		};
		C296EB9F26978E20005FF85A /* Build configuration list for PBXNativeTarget "IWannaBeBlue" */ = {
			isa = XCConfigurationList;
			buildConfigurations = (
				C296EBA026978E20005FF85A /* Debug */,
				C296EBA126978E20005FF85A /* Release */,
			);
			defaultConfigurationIsVisible = 0;
			defaultConfigurationName = Release;
		};
		C296EBA226978E20005FF85A /* Build configuration list for PBXNativeTarget "IWannaBeBlueTests" */ = {
			isa = XCConfigurationList;
			buildConfigurations = (
				C296EBA326978E20005FF85A /* Debug */,
				C296EBA426978E20005FF85A /* Release */,
			);
			defaultConfigurationIsVisible = 0;
			defaultConfigurationName = Release;
		};
		C296EBA526978E20005FF85A /* Build configuration list for PBXNativeTarget "IWannaBeBlueUITests" */ = {
			isa = XCConfigurationList;
			buildConfigurations = (
				C296EBA626978E20005FF85A /* Debug */,
				C296EBA726978E20005FF85A /* Release */,
			);
			defaultConfigurationIsVisible = 0;
			defaultConfigurationName = Release;
		};
/* End XCConfigurationList section */
	};
	rootObject = C296EB6D26978E1D005FF85A /* Project object */;
}
